
Microsoft Visual Studio Solution File, Format Version 12.00
# Visual Studio Version 16
VisualStudioVersion = 16.0.31205.134
MinimumVisualStudioVersion = 10.0.40219.1
Project("{FAE04EC0-301F-11D3-BF4B-00C04F79EFBC}") = "MD.Unpacker", "MD.Unpacker\MD.Unpacker.csproj", "{9CD5B28F-85DD-41E4-9C27-6B568DBDD79A}"
EndProject
Global
	GlobalSection(SolutionConfigurationPlatforms) = preSolution
		Debug|Any CPU = Debug|Any CPU
		Release|Any CPU = Release|Any CPU
	EndGlobalSection
	GlobalSection(ProjectConfigurationPlatforms) = postSolution
		{9CD5B28F-85DD-41E4-9C27-6B568DBDD79A}.Debug|Any CPU.ActiveCfg = Debug|Any CPU
		{9CD5B28F-85DD-41E4-9C27-6B568DBDD79A}.Debug|Any CPU.Build.0 = Debug|Any CPU
		{9CD5B28F-85DD-41E4-9C27-6B568DBDD79A}.Release|Any CPU.ActiveCfg = Release|Any CPU
		{9CD5B28F-85DD-41E4-9C27-6B568DBDD79A}.Release|Any CPU.Build.0 = Release|Any CPU
	EndGlobalSection
	GlobalSection(SolutionProperties) = preSolution
		HideSolutionNode = FALSE
	EndGlobalSection
	GlobalSection(ExtensibilityGlobals) = postSolution
		SolutionGuid = {DD145A10-C108-41F0-82CE-1D8E6E079C78}
	EndGlobalSection
EndGlobal
